
Microsoft Visual Studio Solution File, Format Version 12.00
# Visual Studio Version 17
VisualStudioVersion = 17.0.32014.148
MinimumVisualStudioVersion = 10.0.40219.1
Project("{FAE04EC0-301F-11D3-BF4B-00C04F79EFBC}") = "WheatherForecastApi", "WheatherForecastApi\WheatherForecastApi.csproj", "{C59CF1EF-D837-40E3-AC92-591A2B28773D}"
EndProject
Global
	GlobalSection(SolutionConfigurationPlatforms) = preSolution
		Debug|Any CPU = Debug|Any CPU
		Release|Any CPU = Release|Any CPU
	EndGlobalSection
	GlobalSection(ProjectConfigurationPlatforms) = postSolution
		{C59CF1EF-D837-40E3-AC92-591A2B28773D}.Debug|Any CPU.ActiveCfg = Debug|Any CPU
		{C59CF1EF-D837-40E3-AC92-591A2B28773D}.Debug|Any CPU.Build.0 = Debug|Any CPU
		{C59CF1EF-D837-40E3-AC92-591A2B28773D}.Release|Any CPU.ActiveCfg = Release|Any CPU
		{C59CF1EF-D837-40E3-AC92-591A2B28773D}.Release|Any CPU.Build.0 = Release|Any CPU
	EndGlobalSection
	GlobalSection(SolutionProperties) = preSolution
		HideSolutionNode = FALSE
	EndGlobalSection
	GlobalSection(ExtensibilityGlobals) = postSolution
		SolutionGuid = {4D726451-D706-4688-AEF0-F12C9443B614}
	EndGlobalSection
EndGlobal
